
Microsoft Visual Studio Solution File, Format Version 12.00
# Visual Studio Version 17
VisualStudioVersion = 17.2.32630.192
MinimumVisualStudioVersion = 10.0.40219.1
Project("{FAE04EC0-301F-11D3-BF4B-00C04F79EFBC}") = "Calculadora", "Calculadora\Calculadora.csproj", "{AEC6A103-7920-486A-ABD3-96C9D48CE1A5}"
EndProject
Project("{FAE04EC0-301F-11D3-BF4B-00C04F79EFBC}") = "CalculadoraTest", "CalculadoraTest\CalculadoraTest.csproj", "{03A69E98-ADE3-448D-9999-CED66F58CCA6}"
EndProject
Global
	GlobalSection(SolutionConfigurationPlatforms) = preSolution
		Debug|Any CPU = Debug|Any CPU
		Release|Any CPU = Release|Any CPU
	EndGlobalSection
	GlobalSection(ProjectConfigurationPlatforms) = postSolution
		{AEC6A103-7920-486A-ABD3-96C9D48CE1A5}.Debug|Any CPU.ActiveCfg = Debug|Any CPU
		{AEC6A103-7920-486A-ABD3-96C9D48CE1A5}.Debug|Any CPU.Build.0 = Debug|Any CPU
		{AEC6A103-7920-486A-ABD3-96C9D48CE1A5}.Release|Any CPU.ActiveCfg = Release|Any CPU
		{AEC6A103-7920-486A-ABD3-96C9D48CE1A5}.Release|Any CPU.Build.0 = Release|Any CPU
		{03A69E98-ADE3-448D-9999-CED66F58CCA6}.Debug|Any CPU.ActiveCfg = Debug|Any CPU
		{03A69E98-ADE3-448D-9999-CED66F58CCA6}.Debug|Any CPU.Build.0 = Debug|Any CPU
		{03A69E98-ADE3-448D-9999-CED66F58CCA6}.Release|Any CPU.ActiveCfg = Release|Any CPU
		{03A69E98-ADE3-448D-9999-CED66F58CCA6}.Release|Any CPU.Build.0 = Release|Any CPU
	EndGlobalSection
	GlobalSection(SolutionProperties) = preSolution
		HideSolutionNode = FALSE
	EndGlobalSection
	GlobalSection(ExtensibilityGlobals) = postSolution
		SolutionGuid = {4B2AB7D0-F485-4D76-8FC6-94E16C3757D2}
	EndGlobalSection
EndGlobal
